PODS:
  - DZNEmptyDataSet (1.7.2)
  - OriginateAsyncCollection (0.0.1)

DEPENDENCIES:
  - DZNEmptyDataSet
  - OriginateAsyncCollection (from `../`)

EXTERNAL SOURCES:
  OriginateAsyncCollection:
    :path: "../"

SPEC CHECKSUMS:
  DZNEmptyDataSet: 0ec00bfc230d7450997b60c127afdd0b9f24f3b6
  OriginateAsyncCollection: 071dc1a1d6e82ff87a33d1c80b24b072d3d987de

COCOAPODS: 0.38.2
